{
  "originHash" : "01b8ab46aba908f9e711254d15a89ad035fe3def4c3c036a0ace75326d796c43",
  "pins" : [
    {
      "identity" : "ollamakit",
      "kind" : "remoteSourceControl",
      "location" : "https://github.com/kevinhermawan/OllamaKit.git",
      "state" : {
        "revision" : "791c4c74ee3e67a5bb4a50dc6620c590f119cfd1",
        "version" : "5.0.7"
      }
    },
    {
      "identity" : "swift-argument-parser",
      "kind" : "remoteSourceControl",
      "location" : "https://github.com/apple/swift-argument-parser.git",
      "state" : {
        "revision" : "c8ed701b513cf5177118a175d85fbbbcd707ab41",
        "version" : "1.3.0"
      }
    },
    {
      "identity" : "swift-transformers",
      "kind" : "remoteSourceControl",
      "location" : "https://github.com/huggingface/swift-transformers.git",
      "state" : {
        "revision" : "fc6543263e4caed9bf6107466d625cfae9357f08",
        "version" : "0.1.8"
      }
    },
    {
      "identity" : "whisperkit",
      "kind" : "remoteSourceControl",
      "location" : "https://github.com/argmaxinc/WhisperKit",
      "state" : {
        "branch" : "main",
        "revision" : "936ec3f496c8812b8bf3280a1e516f160e71e744"
      }
    }
  ],
  "version" : 3
}
