// !$*UTF8*$!
{
	archiveVersion = 1;
	classes = {
	};
	objectVersion = 77;
	objects = {

/* Begin PBXBuildFile section */
		837A56532D438A6400DE1733 /* OllamaKit in Frameworks */ = {isa = PBXBuildFile; productRef = 837A56522D438A6400DE1733 /* OllamaKit */; };
		837A56572D438AAF00DE1733 /* WhisperKit in Frameworks */ = {isa = PBXBuildFile; productRef = 837A56562D438AAF00DE1733 /* WhisperKit */; };
		837A56592D438AAF00DE1733 /* whisperkit-cli in Frameworks */ = {isa = PBXBuildFile; productRef = 837A56582D438AAF00DE1733 /* whisperkit-cli */; };
		837A565B2D438B1100DE1733 /* MarkdownUI in Frameworks */ = {isa = PBXBuildFile; productRef = 837A565A2D438B1100DE1733 /* MarkdownUI */; };
/* End PBXBuildFile section */

/* Begin PBXContainerItemProxy section */
		8371147D2D43873F004BF04C /* PBXContainerItemProxy */ = {
			isa = PBXContainerItemProxy;
			containerPortal = 837114612D43873D004BF04C /* Project object */;
			proxyType = 1;
			remoteGlobalIDString = 837114682D43873D004BF04C;
			remoteInfo = Waveflow;
		};
		837114872D43873F004BF04C /* PBXContainerItemProxy */ = {
			isa = PBXContainerItemProxy;
			containerPortal = 837114612D43873D004BF04C /* Project object */;
			proxyType = 1;
			remoteGlobalIDString = 837114682D43873D004BF04C;
			remoteInfo = Waveflow;
		};
/* End PBXContainerItemProxy section */

/* Begin PBXCopyFilesBuildPhase section */
		837114C02D4389EF004BF04C /* CopyFiles */ = {
			isa = PBXCopyFilesBuildPhase;
			buildActionMask = 2147483647;
			dstPath = ollama;
			dstSubfolderSpec = 7;
			files = (
			);
			runOnlyForDeploymentPostprocessing = 0;
		};
/* End PBXCopyFilesBuildPhase section */

/* Begin PBXFileReference section */
		837114692D43873D004BF04C /* Waveflow.app */ = {isa = PBXFileReference; explicitFileType = wrapper.application; includeInIndex = 0; path = Waveflow.app; sourceTree = BUILT_PRODUCTS_DIR; };
		8371147C2D43873F004BF04C /* WaveflowTests.xctest */ = {isa = PBXFileReference; explicitFileType = wrapper.cfbundle; includeInIndex = 0; path = WaveflowTests.xctest; sourceTree = BUILT_PRODUCTS_DIR; };
		837114862D43873F004BF04C /* WaveflowUITests.xctest */ = {isa = PBXFileReference; explicitFileType = wrapper.cfbundle; includeInIndex = 0; path = WaveflowUITests.xctest; sourceTree = BUILT_PRODUCTS_DIR; };
/* End PBXFileReference section */

/* Begin PBXFileSystemSynchronizedBuildFileExceptionSet section */
		837114BF2D4389E8004BF04C /* Exceptions for "Waveflow" folder in "Waveflow" target */ = {
			isa = PBXFileSystemSynchronizedBuildFileExceptionSet;
			membershipExceptions = (
				Resources/ollama/ollama,
			);
			target = 837114682D43873D004BF04C /* Waveflow */;
		};
/* End PBXFileSystemSynchronizedBuildFileExceptionSet section */

/* Begin PBXFileSystemSynchronizedGroupBuildPhaseMembershipExceptionSet section */
		837114C22D4389F9004BF04C /* Exceptions for "Waveflow" folder in "Copy Files" phase from "Waveflow" target */ = {
			isa = PBXFileSystemSynchronizedGroupBuildPhaseMembershipExceptionSet;
			attributesByRelativePath = {
				Resources/ollama/ollama = (CodeSignOnCopy, );
			};
			buildPhase = 837114C02D4389EF004BF04C /* CopyFiles */;
			membershipExceptions = (
				Resources/ollama/ollama,
			);
		};
/* End PBXFileSystemSynchronizedGroupBuildPhaseMembershipExceptionSet section */

/* Begin PBXFileSystemSynchronizedRootGroup section */
		8371146B2D43873D004BF04C /* Waveflow */ = {
			isa = PBXFileSystemSynchronizedRootGroup;
			exceptions = (
				837114BF2D4389E8004BF04C /* Exceptions for "Waveflow" folder in "Waveflow" target */,
				837114C22D4389F9004BF04C /* Exceptions for "Waveflow" folder in "Copy Files" phase from "Waveflow" target */,
			);
			path = Waveflow;
			sourceTree = "<group>";
		};
		8371147F2D43873F004BF04C /* WaveflowTests */ = {
			isa = PBXFileSystemSynchronizedRootGroup;
			path = WaveflowTests;
			sourceTree = "<group>";
		};
		837114892D43873F004BF04C /* WaveflowUITests */ = {
			isa = PBXFileSystemSynchronizedRootGroup;
			path = WaveflowUITests;
			sourceTree = "<group>";
		};
/* End PBXFileSystemSynchronizedRootGroup section */

/* Begin PBXFrameworksBuildPhase section */
		837114662D43873D004BF04C /* Frameworks */ = {
			isa = PBXFrameworksBuildPhase;
			buildActionMask = 2147483647;
			files = (
				837A56572D438AAF00DE1733 /* WhisperKit in Frameworks */,
				837A56532D438A6400DE1733 /* OllamaKit in Frameworks */,
				837A56592D438AAF00DE1733 /* whisperkit-cli in Frameworks */,
				837A565B2D438B1100DE1733 /* MarkdownUI in Frameworks */,
			);
			runOnlyForDeploymentPostprocessing = 0;
		};
		837114792D43873F004BF04C /* Frameworks */ = {
			isa = PBXFrameworksBuildPhase;
			buildActionMask = 2147483647;
			files = (
			);
			runOnlyForDeploymentPostprocessing = 0;
		};
		837114832D43873F004BF04C /* Frameworks */ = {
			isa = PBXFrameworksBuildPhase;
			buildActionMask = 2147483647;
			files = (
			);
			runOnlyForDeploymentPostprocessing = 0;
		};
/* End PBXFrameworksBuildPhase section */

/* Begin PBXGroup section */
		837114602D43873D004BF04C = {
			isa = PBXGroup;
			children = (
				8371146B2D43873D004BF04C /* Waveflow */,
				8371147F2D43873F004BF04C /* WaveflowTests */,
				837114892D43873F004BF04C /* WaveflowUITests */,
				8371146A2D43873D004BF04C /* Products */,
			);
			sourceTree = "<group>";
		};
		8371146A2D43873D004BF04C /* Products */ = {
			isa = PBXGroup;
			children = (
				837114692D43873D004BF04C /* Waveflow.app */,
				8371147C2D43873F004BF04C /* WaveflowTests.xctest */,
				837114862D43873F004BF04C /* WaveflowUITests.xctest */,
			);
			name = Products;
			sourceTree = "<group>";
		};
/* End PBXGroup section */

/* Begin PBXNativeTarget section */
		837114682D43873D004BF04C /* Waveflow */ = {
			isa = PBXNativeTarget;
			buildConfigurationList = 837114902D43873F004BF04C /* Build configuration list for PBXNativeTarget "Waveflow" */;
			buildPhases = (
				837114652D43873D004BF04C /* Sources */,
				837114662D43873D004BF04C /* Frameworks */,
				837114672D43873D004BF04C /* Resources */,
				837114C02D4389EF004BF04C /* CopyFiles */,
			);
			buildRules = (
			);
			dependencies = (
			);
			fileSystemSynchronizedGroups = (
				8371146B2D43873D004BF04C /* Waveflow */,
			);
			name = Waveflow;
			packageProductDependencies = (
				837A56522D438A6400DE1733 /* OllamaKit */,
				837A56562D438AAF00DE1733 /* WhisperKit */,
				837A56582D438AAF00DE1733 /* whisperkit-cli */,
				837A565A2D438B1100DE1733 /* MarkdownUI */,
			);
			productName = Waveflow;
			productReference = 837114692D43873D004BF04C /* Waveflow.app */;
			productType = "com.apple.product-type.application";
		};
		8371147B2D43873F004BF04C /* WaveflowTests */ = {
			isa = PBXNativeTarget;
			buildConfigurationList = 837114932D43873F004BF04C /* Build configuration list for PBXNativeTarget "WaveflowTests" */;
			buildPhases = (
				837114782D43873F004BF04C /* Sources */,
				837114792D43873F004BF04C /* Frameworks */,
				8371147A2D43873F004BF04C /* Resources */,
			);
			buildRules = (
			);
			dependencies = (
				8371147E2D43873F004BF04C /* PBXTargetDependency */,
			);
			fileSystemSynchronizedGroups = (
				8371147F2D43873F004BF04C /* WaveflowTests */,
			);
			name = WaveflowTests;
			packageProductDependencies = (
			);
			productName = WaveflowTests;
			productReference = 8371147C2D43873F004BF04C /* WaveflowTests.xctest */;
			productType = "com.apple.product-type.bundle.unit-test";
		};
		837114852D43873F004BF04C /* WaveflowUITests */ = {
			isa = PBXNativeTarget;
			buildConfigurationList = 837114962D43873F004BF04C /* Build configuration list for PBXNativeTarget "WaveflowUITests" */;
			buildPhases = (
				837114822D43873F004BF04C /* Sources */,
				837114832D43873F004BF04C /* Frameworks */,
				837114842D43873F004BF04C /* Resources */,
			);
			buildRules = (
			);
			dependencies = (
				837114882D43873F004BF04C /* PBXTargetDependency */,
			);
			fileSystemSynchronizedGroups = (
				837114892D43873F004BF04C /* WaveflowUITests */,
			);
			name = WaveflowUITests;
			packageProductDependencies = (
			);
			productName = WaveflowUITests;
			productReference = 837114862D43873F004BF04C /* WaveflowUITests.xctest */;
			productType = "com.apple.product-type.bundle.ui-testing";
		};
/* End PBXNativeTarget section */

/* Begin PBXProject section */
		837114612D43873D004BF04C /* Project object */ = {
			isa = PBXProject;
			attributes = {
				BuildIndependentTargetsInParallel = 1;
				LastSwiftUpdateCheck = 1620;
				LastUpgradeCheck = 1620;
				TargetAttributes = {
					837114682D43873D004BF04C = {
						CreatedOnToolsVersion = 16.2;
					};
					8371147B2D43873F004BF04C = {
						CreatedOnToolsVersion = 16.2;
						TestTargetID = 837114682D43873D004BF04C;
					};
					837114852D43873F004BF04C = {
						CreatedOnToolsVersion = 16.2;
						TestTargetID = 837114682D43873D004BF04C;
					};
				};
			};
			buildConfigurationList = 837114642D43873D004BF04C /* Build configuration list for PBXProject "Waveflow" */;
			developmentRegion = en;
			hasScannedForEncodings = 0;
			knownRegions = (
				en,
				Base,
			);
			mainGroup = 837114602D43873D004BF04C;
			minimizedProjectReferenceProxies = 1;
			packageReferences = (
				837A56512D438A6400DE1733 /* XCRemoteSwiftPackageReference "OllamaKit" */,
				837A56542D438A7A00DE1733 /* XCRemoteSwiftPackageReference "swift-markdown-ui" */,
				837A56552D438AAF00DE1733 /* XCRemoteSwiftPackageReference "WhisperKit" */,
			);
			preferredProjectObjectVersion = 77;
			productRefGroup = 8371146A2D43873D004BF04C /* Products */;
			projectDirPath = "";
			projectRoot = "";
			targets = (
				837114682D43873D004BF04C /* Waveflow */,
				8371147B2D43873F004BF04C /* WaveflowTests */,
				837114852D43873F004BF04C /* WaveflowUITests */,
			);
		};
/* End PBXProject section */

/* Begin PBXResourcesBuildPhase section */
		837114672D43873D004BF04C /* Resources */ = {
			isa = PBXResourcesBuildPhase;
			buildActionMask = 2147483647;
			files = (
			);
			runOnlyForDeploymentPostprocessing = 0;
		};
		8371147A2D43873F004BF04C /* Resources */ = {
			isa = PBXResourcesBuildPhase;
			buildActionMask = 2147483647;
			files = (
			);
			runOnlyForDeploymentPostprocessing = 0;
		};
		837114842D43873F004BF04C /* Resources */ = {
			isa = PBXResourcesBuildPhase;
			buildActionMask = 2147483647;
			files = (
			);
			runOnlyForDeploymentPostprocessing = 0;
		};
/* End PBXResourcesBuildPhase section */

/* Begin PBXSourcesBuildPhase section */
		837114652D43873D004BF04C /* Sources */ = {
			isa = PBXSourcesBuildPhase;
			buildActionMask = 2147483647;
			files = (
			);
			runOnlyForDeploymentPostprocessing = 0;
		};
		837114782D43873F004BF04C /* Sources */ = {
			isa = PBXSourcesBuildPhase;
			buildActionMask = 2147483647;
			files = (
			);
			runOnlyForDeploymentPostprocessing = 0;
		};
		837114822D43873F004BF04C /* Sources */ = {
			isa = PBXSourcesBuildPhase;
			buildActionMask = 2147483647;
			files = (
			);
			runOnlyForDeploymentPostprocessing = 0;
		};
/* End PBXSourcesBuildPhase section */

/* Begin PBXTargetDependency section */
		8371147E2D43873F004BF04C /* PBXTargetDependency */ = {
			isa = PBXTargetDependency;
			target = 837114682D43873D004BF04C /* Waveflow */;
			targetProxy = 8371147D2D43873F004BF04C /* PBXContainerItemProxy */;
		};
		837114882D43873F004BF04C /* PBXTargetDependency */ = {
			isa = PBXTargetDependency;
			target = 837114682D43873D004BF04C /* Waveflow */;
			targetProxy = 837114872D43873F004BF04C /* PBXContainerItemProxy */;
		};
/* End PBXTargetDependency section */

/* Begin XCBuildConfiguration section */
		8371148E2D43873F004BF04C /* Debug */ = {
			isa = XCBuildConfiguration;
			buildSettings = {
				ALWAYS_SEARCH_USER_PATHS = NO;
				ASSETCATALOG_COMPILER_GENERATE_SWIFT_ASSET_SYMBOL_EXTENSIONS = YES;
				CLANG_ANALYZER_NONNULL = YES;
				CLANG_ANALYZER_NUMBER_OBJECT_CONVERSION = YES_AGGRESSIVE;
				CLANG_CXX_LANGUAGE_STANDARD = "gnu++20";
				CLANG_ENABLE_MODULES = YES;
				CLANG_ENABLE_OBJC_ARC = YES;
				CLANG_ENABLE_OBJC_WEAK = YES;
				CLANG_WARN_BLOCK_CAPTURE_AUTORELEASING = YES;
				CLANG_WARN_BOOL_CONVERSION = YES;
				CLANG_WARN_COMMA = YES;
				CLANG_WARN_CONSTANT_CONVERSION = YES;
				CLANG_WARN_DEPRECATED_OBJC_IMPLEMENTATIONS = YES;
				CLANG_WARN_DIRECT_OBJC_ISA_USAGE = YES_ERROR;
				CLANG_WARN_DOCUMENTATION_COMMENTS = YES;
				CLANG_WARN_EMPTY_BODY = YES;
				CLANG_WARN_ENUM_CONVERSION = YES;
				CLANG_WARN_INFINITE_RECURSION = YES;
				CLANG_WARN_INT_CONVERSION = YES;
				CLANG_WARN_NON_LITERAL_NULL_CONVERSION = YES;
				CLANG_WARN_OBJC_IMPLICIT_RETAIN_SELF = YES;
				CLANG_WARN_OBJC_LITERAL_CONVERSION = YES;
				CLANG_WARN_OBJC_ROOT_CLASS = YES_ERROR;
				CLANG_WARN_QUOTED_INCLUDE_IN_FRAMEWORK_HEADER = YES;
				CLANG_WARN_RANGE_LOOP_ANALYSIS = YES;
				CLANG_WARN_STRICT_PROTOTYPES = YES;
				CLANG_WARN_SUSPICIOUS_MOVE = YES;
				CLANG_WARN_UNGUARDED_AVAILABILITY = YES_AGGRESSIVE;
				CLANG_WARN_UNREACHABLE_CODE = YES;
				CLANG_WARN__DUPLICATE_METHOD_MATCH = YES;
				COPY_PHASE_STRIP = NO;
				DEBUG_INFORMATION_FORMAT = dwarf;
				ENABLE_STRICT_OBJC_MSGSEND = YES;
				ENABLE_TESTABILITY = YES;
				ENABLE_USER_SCRIPT_SANDBOXING = YES;
				GCC_C_LANGUAGE_STANDARD = gnu17;
				GCC_DYNAMIC_NO_PIC = NO;
				GCC_NO_COMMON_BLOCKS = YES;
				GCC_OPTIMIZATION_LEVEL = 0;
				GCC_PREPROCESSOR_DEFINITIONS = (
					"DEBUG=1",
					"$(inherited)",
				);
				GCC_WARN_64_TO_32_BIT_CONVERSION = YES;
				GCC_WARN_ABOUT_RETURN_TYPE = YES_ERROR;
				GCC_WARN_UNDECLARED_SELECTOR = YES;
				GCC_WARN_UNINITIALIZED_AUTOS = YES_AGGRESSIVE;
				GCC_WARN_UNUSED_FUNCTION = YES;
				GCC_WARN_UNUSED_VARIABLE = YES;
				LOCALIZATION_PREFERS_STRING_CATALOGS = YES;
				MACOSX_DEPLOYMENT_TARGET = 15.2;
				MTL_ENABLE_DEBUG_INFO = INCLUDE_SOURCE;
				MTL_FAST_MATH = YES;
				ONLY_ACTIVE_ARCH = YES;
				SDKROOT = macosx;
				SWIFT_ACTIVE_COMPILATION_CONDITIONS = "DEBUG $(inherited)";
				SWIFT_OPTIMIZATION_LEVEL = "-Onone";
			};
			name = Debug;
		};
		8371148F2D43873F004BF04C /* Release */ = {
			isa = XCBuildConfiguration;
			buildSettings = {
				ALWAYS_SEARCH_USER_PATHS = NO;
				ASSETCATALOG_COMPILER_GENERATE_SWIFT_ASSET_SYMBOL_EXTENSIONS = YES;
				CLANG_ANALYZER_NONNULL = YES;
				CLANG_ANALYZER_NUMBER_OBJECT_CONVERSION = YES_AGGRESSIVE;
				CLANG_CXX_LANGUAGE_STANDARD = "gnu++20";
				CLANG_ENABLE_MODULES = YES;
				CLANG_ENABLE_OBJC_ARC = YES;
				CLANG_ENABLE_OBJC_WEAK = YES;
				CLANG_WARN_BLOCK_CAPTURE_AUTORELEASING = YES;
				CLANG_WARN_BOOL_CONVERSION = YES;
				CLANG_WARN_COMMA = YES;
				CLANG_WARN_CONSTANT_CONVERSION = YES;
				CLANG_WARN_DEPRECATED_OBJC_IMPLEMENTATIONS = YES;
				CLANG_WARN_DIRECT_OBJC_ISA_USAGE = YES_ERROR;
				CLANG_WARN_DOCUMENTATION_COMMENTS = YES;
				CLANG_WARN_EMPTY_BODY = YES;
				CLANG_WARN_ENUM_CONVERSION = YES;
				CLANG_WARN_INFINITE_RECURSION = YES;
				CLANG_WARN_INT_CONVERSION = YES;
				CLANG_WARN_NON_LITERAL_NULL_CONVERSION = YES;
				CLANG_WARN_OBJC_IMPLICIT_RETAIN_SELF = YES;
				CLANG_WARN_OBJC_LITERAL_CONVERSION = YES;
				CLANG_WARN_OBJC_ROOT_CLASS = YES_ERROR;
				CLANG_WARN_QUOTED_INCLUDE_IN_FRAMEWORK_HEADER = YES;
				CLANG_WARN_RANGE_LOOP_ANALYSIS = YES;
				CLANG_WARN_STRICT_PROTOTYPES = YES;
				CLANG_WARN_SUSPICIOUS_MOVE = YES;
				CLANG_WARN_UNGUARDED_AVAILABILITY = YES_AGGRESSIVE;
				CLANG_WARN_UNREACHABLE_CODE = YES;
				CLANG_WARN__DUPLICATE_METHOD_MATCH = YES;
				COPY_PHASE_STRIP = NO;
				DEBUG_INFORMATION_FORMAT = "dwarf-with-dsym";
				ENABLE_NS_ASSERTIONS = NO;
				ENABLE_STRICT_OBJC_MSGSEND = YES;
				ENABLE_USER_SCRIPT_SANDBOXING = YES;
				GCC_C_LANGUAGE_STANDARD = gnu17;
				GCC_NO_COMMON_BLOCKS = YES;
				GCC_WARN_64_TO_32_BIT_CONVERSION = YES;
				GCC_WARN_ABOUT_RETURN_TYPE = YES_ERROR;
				GCC_WARN_UNDECLARED_SELECTOR = YES;
				GCC_WARN_UNINITIALIZED_AUTOS = YES_AGGRESSIVE;
				GCC_WARN_UNUSED_FUNCTION = YES;
				GCC_WARN_UNUSED_VARIABLE = YES;
				LOCALIZATION_PREFERS_STRING_CATALOGS = YES;
				MACOSX_DEPLOYMENT_TARGET = 15.2;
				MTL_ENABLE_DEBUG_INFO = NO;
				MTL_FAST_MATH = YES;
				SDKROOT = macosx;
				SWIFT_COMPILATION_MODE = wholemodule;
			};
			name = Release;
		};
		837114912D43873F004BF04C /* Debug */ = {
			isa = XCBuildConfiguration;
			buildSettings = {
				ASSETCATALOG_COMPILER_APPICON_NAME = AppIcon;
				ASSETCATALOG_COMPILER_GLOBAL_ACCENT_COLOR_NAME = AccentColor;
				CODE_SIGN_ENTITLEMENTS = Waveflow/Waveflow.entitlements;
				CODE_SIGN_STYLE = Automatic;
				COMBINE_HIDPI_IMAGES = YES;
				CURRENT_PROJECT_VERSION = 1;
				DEVELOPMENT_ASSET_PATHS = "\"Waveflow/Preview Content\"";
				ENABLE_PREVIEWS = YES;
				GENERATE_INFOPLIST_FILE = YES;
				INFOPLIST_FILE = "$(SRCROOT)/Waveflow/Info.plist";
				INFOPLIST_KEY_NSHumanReadableCopyright = "";
				LD_RUNPATH_SEARCH_PATHS = (
					"$(inherited)",
					"@executable_path/../Frameworks",
				);
				MACOSX_DEPLOYMENT_TARGET = 14.0;
				MARKETING_VERSION = 1.0;
				PRODUCT_BUNDLE_IDENTIFIER = com.acornglobus.Waveflow;
				PRODUCT_NAME = "$(TARGET_NAME)";
				SWIFT_EMIT_LOC_STRINGS = YES;
				SWIFT_VERSION = 5.0;
			};
			name = Debug;
		};
		837114922D43873F004BF04C /* Release */ = {
			isa = XCBuildConfiguration;
			buildSettings = {
				ASSETCATALOG_COMPILER_APPICON_NAME = AppIcon;
				ASSETCATALOG_COMPILER_GLOBAL_ACCENT_COLOR_NAME = AccentColor;
				CODE_SIGN_ENTITLEMENTS = Waveflow/Waveflow.entitlements;
				"CODE_SIGN_IDENTITY[sdk=macosx*]" = "-";
				CODE_SIGN_STYLE = Automatic;
				COMBINE_HIDPI_IMAGES = YES;
				CURRENT_PROJECT_VERSION = 1;
				DEVELOPMENT_ASSET_PATHS = "\"Waveflow/Preview Content\"";
				ENABLE_PREVIEWS = YES;
				GENERATE_INFOPLIST_FILE = YES;
				INFOPLIST_FILE = "$(SRCROOT)/Waveflow/Info.plist";
				INFOPLIST_KEY_NSHumanReadableCopyright = "";
				LD_RUNPATH_SEARCH_PATHS = (
					"$(inherited)",
					"@executable_path/../Frameworks",
				);
				MACOSX_DEPLOYMENT_TARGET = 14.0;
				MARKETING_VERSION = 1.0;
				PRODUCT_BUNDLE_IDENTIFIER = com.acornglobus.Waveflow;
				PRODUCT_NAME = "$(TARGET_NAME)";
				SWIFT_EMIT_LOC_STRINGS = YES;
				SWIFT_VERSION = 5.0;
			};
			name = Release;
		};
		837114942D43873F004BF04C /* Debug */ = {
			isa = XCBuildConfiguration;
			buildSettings = {
				BUNDLE_LOADER = "$(TEST_HOST)";
				CODE_SIGN_STYLE = Automatic;
				CURRENT_PROJECT_VERSION = 1;
				GENERATE_INFOPLIST_FILE = YES;
				MACOSX_DEPLOYMENT_TARGET = 14.0;
				MARKETING_VERSION = 1.0;
				PRODUCT_BUNDLE_IDENTIFIER = com.acornglobus.WaveflowTests;
				PRODUCT_NAME = "$(TARGET_NAME)";
				SWIFT_EMIT_LOC_STRINGS = NO;
				SWIFT_VERSION = 5.0;
				TEST_HOST = "$(BUILT_PRODUCTS_DIR)/Waveflow.app/$(BUNDLE_EXECUTABLE_FOLDER_PATH)/Waveflow";
			};
			name = Debug;
		};
		837114952D43873F004BF04C /* Release */ = {
			isa = XCBuildConfiguration;
			buildSettings = {
				BUNDLE_LOADER = "$(TEST_HOST)";
				CODE_SIGN_STYLE = Automatic;
				CURRENT_PROJECT_VERSION = 1;
				GENERATE_INFOPLIST_FILE = YES;
				MACOSX_DEPLOYMENT_TARGET = 14.0;
				MARKETING_VERSION = 1.0;
				PRODUCT_BUNDLE_IDENTIFIER = com.acornglobus.WaveflowTests;
				PRODUCT_NAME = "$(TARGET_NAME)";
				SWIFT_EMIT_LOC_STRINGS = NO;
				SWIFT_VERSION = 5.0;
				TEST_HOST = "$(BUILT_PRODUCTS_DIR)/Waveflow.app/$(BUNDLE_EXECUTABLE_FOLDER_PATH)/Waveflow";
			};
			name = Release;
		};
		837114972D43873F004BF04C /* Debug */ = {
			isa = XCBuildConfiguration;
			buildSettings = {
				CODE_SIGN_STYLE = Automatic;
				CURRENT_PROJECT_VERSION = 1;
				GENERATE_INFOPLIST_FILE = YES;
				MARKETING_VERSION = 1.0;
				PRODUCT_BUNDLE_IDENTIFIER = com.acornglobus.WaveflowUITests;
				PRODUCT_NAME = "$(TARGET_NAME)";
				SWIFT_EMIT_LOC_STRINGS = NO;
				SWIFT_VERSION = 5.0;
				TEST_TARGET_NAME = Waveflow;
			};
			name = Debug;
		};
		837114982D43873F004BF04C /* Release */ = {
			isa = XCBuildConfiguration;
			buildSettings = {
				CODE_SIGN_STYLE = Automatic;
				CURRENT_PROJECT_VERSION = 1;
				GENERATE_INFOPLIST_FILE = YES;
				MARKETING_VERSION = 1.0;
				PRODUCT_BUNDLE_IDENTIFIER = com.acornglobus.WaveflowUITests;
				PRODUCT_NAME = "$(TARGET_NAME)";
				SWIFT_EMIT_LOC_STRINGS = NO;
				SWIFT_VERSION = 5.0;
				TEST_TARGET_NAME = Waveflow;
			};
			name = Release;
		};
/* End XCBuildConfiguration section */

/* Begin XCConfigurationList section */
		837114642D43873D004BF04C /* Build configuration list for PBXProject "Waveflow" */ = {
			isa = XCConfigurationList;
			buildConfigurations = (
				8371148E2D43873F004BF04C /* Debug */,
				8371148F2D43873F004BF04C /* Release */,
			);
			defaultConfigurationIsVisible = 0;
			defaultConfigurationName = Release;
		};
		837114902D43873F004BF04C /* Build configuration list for PBXNativeTarget "Waveflow" */ = {
			isa = XCConfigurationList;
			buildConfigurations = (
				837114912D43873F004BF04C /* Debug */,
				837114922D43873F004BF04C /* Release */,
			);
			defaultConfigurationIsVisible = 0;
			defaultConfigurationName = Release;
		};
		837114932D43873F004BF04C /* Build configuration list for PBXNativeTarget "WaveflowTests" */ = {
			isa = XCConfigurationList;
			buildConfigurations = (
				837114942D43873F004BF04C /* Debug */,
				837114952D43873F004BF04C /* Release */,
			);
			defaultConfigurationIsVisible = 0;
			defaultConfigurationName = Release;
		};
		837114962D43873F004BF04C /* Build configuration list for PBXNativeTarget "WaveflowUITests" */ = {
			isa = XCConfigurationList;
			buildConfigurations = (
				837114972D43873F004BF04C /* Debug */,
				837114982D43873F004BF04C /* Release */,
			);
			defaultConfigurationIsVisible = 0;
			defaultConfigurationName = Release;
		};
/* End XCConfigurationList section */

/* Begin XCRemoteSwiftPackageReference section */
		837A56512D438A6400DE1733 /* XCRemoteSwiftPackageReference "OllamaKit" */ = {
			isa = XCRemoteSwiftPackageReference;
			repositoryURL = "https://github.com/kevinhermawan/OllamaKit.git";
			requirement = {
				kind = exactVersion;
				version = 5.0.7;
			};
		};
		837A56542D438A7A00DE1733 /* XCRemoteSwiftPackageReference "swift-markdown-ui" */ = {
			isa = XCRemoteSwiftPackageReference;
			repositoryURL = "https://github.com/gonzalezreal/swift-markdown-ui";
			requirement = {
				kind = exactVersion;
				version = 2.4.1;
			};
		};
		837A56552D438AAF00DE1733 /* XCRemoteSwiftPackageReference "WhisperKit" */ = {
			isa = XCRemoteSwiftPackageReference;
			repositoryURL = "https://github.com/argmaxinc/WhisperKit";
			requirement = {
				branch = main;
				kind = branch;
			};
		};
/* End XCRemoteSwiftPackageReference section */

/* Begin XCSwiftPackageProductDependency section */
		837A56522D438A6400DE1733 /* OllamaKit */ = {
			isa = XCSwiftPackageProductDependency;
			package = 837A56512D438A6400DE1733 /* XCRemoteSwiftPackageReference "OllamaKit" */;
			productName = OllamaKit;
		};
		837A56562D438AAF00DE1733 /* WhisperKit */ = {
			isa = XCSwiftPackageProductDependency;
			package = 837A56552D438AAF00DE1733 /* XCRemoteSwiftPackageReference "WhisperKit" */;
			productName = WhisperKit;
		};
		837A56582D438AAF00DE1733 /* whisperkit-cli */ = {
			isa = XCSwiftPackageProductDependency;
			package = 837A56552D438AAF00DE1733 /* XCRemoteSwiftPackageReference "WhisperKit" */;
			productName = "whisperkit-cli";
		};
		837A565A2D438B1100DE1733 /* MarkdownUI */ = {
			isa = XCSwiftPackageProductDependency;
			package = 837A56542D438A7A00DE1733 /* XCRemoteSwiftPackageReference "swift-markdown-ui" */;
			productName = MarkdownUI;
		};
/* End XCSwiftPackageProductDependency section */
	};
	rootObject = 837114612D43873D004BF04C /* Project object */;
}
